
Microsoft Visual Studio Solution File, Format Version 12.00
# Visual Studio Version 17
VisualStudioVersion = 17.4.33205.214
MinimumVisualStudioVersion = 10.0.40219.1
Project("{FAE04EC0-301F-11D3-BF4B-00C04F79EFBC}") = "FunctionApp1", "src\FunctionApp1\FunctionApp1.csproj", "{977AE802-96EB-4949-A2A9-9300EAD3BE86}"
EndProject
Project("{FAE04EC0-301F-11D3-BF4B-00C04F79EFBC}") = "FunctionApp2", "src\FunctionApp2\FunctionApp2.csproj", "{D3EABB13-CC6C-4BA0-823D-3493040FD224}"
EndProject
Global
	GlobalSection(SolutionConfigurationPlatforms) = preSolution
		Debug|Any CPU = Debug|Any CPU
		Release|Any CPU = Release|Any CPU
	EndGlobalSection
	GlobalSection(ProjectConfigurationPlatforms) = postSolution
		{977AE802-96EB-4949-A2A9-9300EAD3BE86}.Debug|Any CPU.ActiveCfg = Debug|Any CPU
		{977AE802-96EB-4949-A2A9-9300EAD3BE86}.Debug|Any CPU.Build.0 = Debug|Any CPU
		{977AE802-96EB-4949-A2A9-9300EAD3BE86}.Release|Any CPU.ActiveCfg = Release|Any CPU
		{977AE802-96EB-4949-A2A9-9300EAD3BE86}.Release|Any CPU.Build.0 = Release|Any CPU
		{D3EABB13-CC6C-4BA0-823D-3493040FD224}.Debug|Any CPU.ActiveCfg = Debug|Any CPU
		{D3EABB13-CC6C-4BA0-823D-3493040FD224}.Debug|Any CPU.Build.0 = Debug|Any CPU
		{D3EABB13-CC6C-4BA0-823D-3493040FD224}.Release|Any CPU.ActiveCfg = Release|Any CPU
		{D3EABB13-CC6C-4BA0-823D-3493040FD224}.Release|Any CPU.Build.0 = Release|Any CPU
	EndGlobalSection
	GlobalSection(SolutionProperties) = preSolution
		HideSolutionNode = FALSE
	EndGlobalSection
	GlobalSection(ExtensibilityGlobals) = postSolution
		SolutionGuid = {3382B788-4C9E-4593-B365-B4442ADF5184}
	EndGlobalSection
EndGlobal
